
Microsoft Visual Studio Solution File, Format Version 12.00
# Visual Studio Version 17
VisualStudioVersion = 17.4.33213.308
MinimumVisualStudioVersion = 10.0.40219.1
Project("{FAE04EC0-301F-11D3-BF4B-00C04F79EFBC}") = "ebookcafe_v106", "login_regV2\ebookcafe_v106.csproj", "{AEE04415-5C01-4C0E-8ED5-27F54FBF1182}"
EndProject
Global
	GlobalSection(SolutionConfigurationPlatforms) = preSolution
		Debug|Any CPU = Debug|Any CPU
		Release|Any CPU = Release|Any CPU
	EndGlobalSection
	GlobalSection(ProjectConfigurationPlatforms) = postSolution
		{AEE04415-5C01-4C0E-8ED5-27F54FBF1182}.Debug|Any CPU.ActiveCfg = Debug|Any CPU
		{AEE04415-5C01-4C0E-8ED5-27F54FBF1182}.Debug|Any CPU.Build.0 = Debug|Any CPU
		{AEE04415-5C01-4C0E-8ED5-27F54FBF1182}.Release|Any CPU.ActiveCfg = Release|Any CPU
		{AEE04415-5C01-4C0E-8ED5-27F54FBF1182}.Release|Any CPU.Build.0 = Release|Any CPU
	EndGlobalSection
	GlobalSection(SolutionProperties) = preSolution
		HideSolutionNode = FALSE
	EndGlobalSection
	GlobalSection(ExtensibilityGlobals) = postSolution
		SolutionGuid = {90E2664F-6307-437D-835F-C514C58D64B1}
	EndGlobalSection
EndGlobal
